
Microsoft Visual Studio Solution File, Format Version 12.00
# Visual Studio Version 17
VisualStudioVersion = 17.8.34330.188
MinimumVisualStudioVersion = 10.0.40219.1
Project("{9A19103F-16F7-4668-BE54-9A1E7A4F7556}") = "EzoCalculatrice.API", "EzoCalculatrice.API\EzoCalculatrice.API.csproj", "{E2F09EC6-E038-4389-B5A9-1D90E8B4506C}"
EndProject
Project("{9A19103F-16F7-4668-BE54-9A1E7A4F7556}") = "EzoCalculatrice.API.Tests", "EzoCalculatrice.API.Tests\EzoCalculatrice.API.Tests.csproj", "{3908C0D3-4B07-4C23-919B-06D443B44769}"
EndProject
Project("{9A19103F-16F7-4668-BE54-9A1E7A4F7556}") = "EzoCalculatrice.Mobile", "EzoCalculatrice.Mobile\EzoCalculatrice.Mobile.csproj", "{5A5F2A45-936C-4CE2-A1A0-2DCAE2E2CDEB}"
EndProject
Global
	GlobalSection(SolutionConfigurationPlatforms) = preSolution
		Debug|Any CPU = Debug|Any CPU
		Release|Any CPU = Release|Any CPU
	EndGlobalSection
	GlobalSection(ProjectConfigurationPlatforms) = postSolution
		{E2F09EC6-E038-4389-B5A9-1D90E8B4506C}.Debug|Any CPU.ActiveCfg = Debug|Any CPU
		{E2F09EC6-E038-4389-B5A9-1D90E8B4506C}.Debug|Any CPU.Build.0 = Debug|Any CPU
		{E2F09EC6-E038-4389-B5A9-1D90E8B4506C}.Release|Any CPU.ActiveCfg = Release|Any CPU
		{E2F09EC6-E038-4389-B5A9-1D90E8B4506C}.Release|Any CPU.Build.0 = Release|Any CPU
		{3908C0D3-4B07-4C23-919B-06D443B44769}.Debug|Any CPU.ActiveCfg = Debug|Any CPU
		{3908C0D3-4B07-4C23-919B-06D443B44769}.Debug|Any CPU.Build.0 = Debug|Any CPU
		{3908C0D3-4B07-4C23-919B-06D443B44769}.Release|Any CPU.ActiveCfg = Release|Any CPU
		{3908C0D3-4B07-4C23-919B-06D443B44769}.Release|Any CPU.Build.0 = Release|Any CPU
		{5A5F2A45-936C-4CE2-A1A0-2DCAE2E2CDEB}.Debug|Any CPU.ActiveCfg = Debug|Any CPU
		{5A5F2A45-936C-4CE2-A1A0-2DCAE2E2CDEB}.Debug|Any CPU.Build.0 = Debug|Any CPU
		{5A5F2A45-936C-4CE2-A1A0-2DCAE2E2CDEB}.Debug|Any CPU.Deploy.0 = Debug|Any CPU
		{5A5F2A45-936C-4CE2-A1A0-2DCAE2E2CDEB}.Release|Any CPU.ActiveCfg = Release|Any CPU
		{5A5F2A45-936C-4CE2-A1A0-2DCAE2E2CDEB}.Release|Any CPU.Build.0 = Release|Any CPU
		{5A5F2A45-936C-4CE2-A1A0-2DCAE2E2CDEB}.Release|Any CPU.Deploy.0 = Release|Any CPU
	EndGlobalSection
	GlobalSection(SolutionProperties) = preSolution
		HideSolutionNode = FALSE
	EndGlobalSection
	GlobalSection(ExtensibilityGlobals) = postSolution
		SolutionGuid = {5109C8CE-4E26-4FE4-86E7-7E782F8755D4}
	EndGlobalSection
EndGlobal
